
Microsoft Visual Studio Solution File, Format Version 12.00
# Visual Studio Version 17
VisualStudioVersion = 17.14.36518.9
MinimumVisualStudioVersion = 10.0.40219.1
Project("{FAE04EC0-301F-11D3-BF4B-00C04F79EFBC}") = "PlaywrightBDDAutomation", "ParabankBDDAutomation\PlaywrightBDDAutomation.csproj", "{E5985CA0-E93A-4A58-A93E-AF9C8CCB63EC}"
EndProject
Global
	GlobalSection(SolutionConfigurationPlatforms) = preSolution
		Debug|Any CPU = Debug|Any CPU
		Release|Any CPU = Release|Any CPU
	EndGlobalSection
	GlobalSection(ProjectConfigurationPlatforms) = postSolution
		{E5985CA0-E93A-4A58-A93E-AF9C8CCB63EC}.Debug|Any CPU.ActiveCfg = Debug|Any CPU
		{E5985CA0-E93A-4A58-A93E-AF9C8CCB63EC}.Debug|Any CPU.Build.0 = Debug|Any CPU
		{E5985CA0-E93A-4A58-A93E-AF9C8CCB63EC}.Release|Any CPU.ActiveCfg = Release|Any CPU
		{E5985CA0-E93A-4A58-A93E-AF9C8CCB63EC}.Release|Any CPU.Build.0 = Release|Any CPU
	EndGlobalSection
	GlobalSection(SolutionProperties) = preSolution
		HideSolutionNode = FALSE
	EndGlobalSection
	GlobalSection(ExtensibilityGlobals) = postSolution
		SolutionGuid = {A1700388-308D-471C-BFC8-2E7F8A454C14}
	EndGlobalSection
EndGlobal
